
Microsoft Visual Studio Solution File, Format Version 12.00
# Visual Studio Version 17
VisualStudioVersion = 17.9.34728.123
MinimumVisualStudioVersion = 10.0.40219.1
Project("{FAE04EC0-301F-11D3-BF4B-00C04F79EFBC}") = "SMSPoh", "SMSPoh\SMSPoh.csproj", "{05BEB6EB-DA1A-444D-AEB5-9DC0FCF874E8}"
EndProject
Global
	GlobalSection(SolutionConfigurationPlatforms) = preSolution
		Debug|Any CPU = Debug|Any CPU
		Release|Any CPU = Release|Any CPU
	EndGlobalSection
	GlobalSection(ProjectConfigurationPlatforms) = postSolution
		{05BEB6EB-DA1A-444D-AEB5-9DC0FCF874E8}.Debug|Any CPU.ActiveCfg = Debug|Any CPU
		{05BEB6EB-DA1A-444D-AEB5-9DC0FCF874E8}.Debug|Any CPU.Build.0 = Debug|Any CPU
		{05BEB6EB-DA1A-444D-AEB5-9DC0FCF874E8}.Release|Any CPU.ActiveCfg = Release|Any CPU
		{05BEB6EB-DA1A-444D-AEB5-9DC0FCF874E8}.Release|Any CPU.Build.0 = Release|Any CPU
	EndGlobalSection
	GlobalSection(SolutionProperties) = preSolution
		HideSolutionNode = FALSE
	EndGlobalSection
	GlobalSection(ExtensibilityGlobals) = postSolution
		SolutionGuid = {95C1A429-2EB3-4654-A7E3-7C6D1D1BC2CB}
	EndGlobalSection
EndGlobal
